
Microsoft Visual Studio Solution File, Format Version 12.00
# Visual Studio Version 17
VisualStudioVersion = 17.5.002.0
MinimumVisualStudioVersion = 10.0.40219.1
Project("{2150E333-8FDC-42A3-9474-1A3956D46DE8}") = "thirdparty", "thirdparty", "{9573CCD0-C09A-497A-9482-BD8F19611218}"
EndProject
Project("{2150E333-8FDC-42A3-9474-1A3956D46DE8}") = "linux", "linux", "{85CCC23F-D820-4075-8121-DB712ACF3BB1}"
EndProject
Project("{2150E333-8FDC-42A3-9474-1A3956D46DE8}") = "boost_1_83_0", "boost_1_83_0", "{F2BFF1BD-F647-4000-890C-1E0EAD7EA0DE}"
EndProject
Project("{2150E333-8FDC-42A3-9474-1A3956D46DE8}") = "libs", "libs", "{23AF2C86-F785-40A8-BB7B-9B5A21E97009}"
EndProject
Project("{2150E333-8FDC-42A3-9474-1A3956D46DE8}") = "math", "math", "{5DD3A886-B2BE-4FF4-98AC-08C85ECDAC0C}"
EndProject
Project("{2150E333-8FDC-42A3-9474-1A3956D46DE8}") = "example", "example", "{39D11820-403D-4AD4-AA16-DBF83600D631}"
EndProject
Project("{2150E333-8FDC-42A3-9474-1A3956D46DE8}") = "dot_net_example", "dot_net_example", "{D88A8335-CEA4-4458-9011-CE7CD9EA4850}"
EndProject
Project("{9A19103F-16F7-4668-BE54-9A1E7A4F7556}") = "distribution_explorer", "thirdparty\linux\boost_1_83_0\libs\math\example\dot_net_example\distribution_explorer\distribution_explorer.csproj", "{4CEC37C1-1F23-4287-BC85-57C0456D3293}"
EndProject
Project("{2150E333-8FDC-42A3-9474-1A3956D46DE8}") = "beast", "beast", "{E0AB5DED-4E19-474D-9025-1DED440FA0D5}"
EndProject
Project("{2150E333-8FDC-42A3-9474-1A3956D46DE8}") = "test", "test", "{5957FB8C-3E1E-4FF3-8E2A-0C38156BFCEE}"
EndProject
Project("{2150E333-8FDC-42A3-9474-1A3956D46DE8}") = "extern", "extern", "{C4FBDD07-FB35-44D6-9C76-B55565847371}"
EndProject
Project("{2150E333-8FDC-42A3-9474-1A3956D46DE8}") = "zlib-1.2.12", "zlib-1.2.12", "{F5D421F0-EF3A-4E82-9D8E-90B5B89A866F}"
EndProject
Project("{2150E333-8FDC-42A3-9474-1A3956D46DE8}") = "contrib", "contrib", "{F9C5CA12-F0B3-4CD2-B29B-BCB05859B790}"
EndProject
Project("{2150E333-8FDC-42A3-9474-1A3956D46DE8}") = "dotzlib", "dotzlib", "{CD677EB3-794E-42B7-9D2E-787AD2CCD1AB}"
EndProject
Project("{9A19103F-16F7-4668-BE54-9A1E7A4F7556}") = "DotZLib", "thirdparty\linux\boost_1_83_0\libs\beast\test\extern\zlib-1.2.12\contrib\dotzlib\DotZLib\DotZLib.csproj", "{426B5F78-90F6-41F6-96BC-DA9D759FB2F1}"
EndProject
Project("{2150E333-8FDC-42A3-9474-1A3956D46DE8}") = "tools", "tools", "{B765D6E4-D144-493A-B5D9-46FC65383428}"
EndProject
Project("{2150E333-8FDC-42A3-9474-1A3956D46DE8}") = "boost_install", "boost_install", "{F51A3F3A-602E-4B38-A9FB-8D4B9927B69B}"
EndProject
Project("{2150E333-8FDC-42A3-9474-1A3956D46DE8}") = "test", "test", "{347234F9-B0B4-4091-A197-6D979E376B31}"
EndProject
Project("{2150E333-8FDC-42A3-9474-1A3956D46DE8}") = "iostreams", "iostreams", "{D1AE8111-0FC3-48E1-8981-DC7EDB07A0D6}"
EndProject
Project("{2150E333-8FDC-42A3-9474-1A3956D46DE8}") = "zlib-1.2.11", "zlib-1.2.11", "{21271E3B-7D4E-4456-992B-7AE0326498BB}"
EndProject
Project("{2150E333-8FDC-42A3-9474-1A3956D46DE8}") = "contrib", "contrib", "{F0BF6F4D-3EFB-4700-B88C-EF2500BD1AE8}"
EndProject
Project("{2150E333-8FDC-42A3-9474-1A3956D46DE8}") = "dotzlib", "dotzlib", "{627D8541-A345-4276-A5DB-3EE5601C0E7A}"
EndProject
Project("{9A19103F-16F7-4668-BE54-9A1E7A4F7556}") = "DotZLib", "thirdparty\linux\boost_1_83_0\tools\boost_install\test\iostreams\zlib-1.2.11\contrib\dotzlib\DotZLib\DotZLib.csproj", "{1BCE1377-68D5-4905-9F6B-73D105F15094}"
EndProject
Global
	GlobalSection(SolutionConfigurationPlatforms) = preSolution
		Debug|Any CPU = Debug|Any CPU
		Release|Any CPU = Release|Any CPU
	EndGlobalSection
	GlobalSection(ProjectConfigurationPlatforms) = postSolution
		{4CEC37C1-1F23-4287-BC85-57C0456D3293}.Debug|Any CPU.ActiveCfg = Debug|Any CPU
		{4CEC37C1-1F23-4287-BC85-57C0456D3293}.Debug|Any CPU.Build.0 = Debug|Any CPU
		{4CEC37C1-1F23-4287-BC85-57C0456D3293}.Release|Any CPU.ActiveCfg = Release|Any CPU
		{4CEC37C1-1F23-4287-BC85-57C0456D3293}.Release|Any CPU.Build.0 = Release|Any CPU
		{426B5F78-90F6-41F6-96BC-DA9D759FB2F1}.Debug|Any CPU.ActiveCfg = Debug|Any CPU
		{426B5F78-90F6-41F6-96BC-DA9D759FB2F1}.Debug|Any CPU.Build.0 = Debug|Any CPU
		{426B5F78-90F6-41F6-96BC-DA9D759FB2F1}.Release|Any CPU.ActiveCfg = Release|Any CPU
		{426B5F78-90F6-41F6-96BC-DA9D759FB2F1}.Release|Any CPU.Build.0 = Release|Any CPU
		{1BCE1377-68D5-4905-9F6B-73D105F15094}.Debug|Any CPU.ActiveCfg = Debug|Any CPU
		{1BCE1377-68D5-4905-9F6B-73D105F15094}.Debug|Any CPU.Build.0 = Debug|Any CPU
		{1BCE1377-68D5-4905-9F6B-73D105F15094}.Release|Any CPU.ActiveCfg = Release|Any CPU
		{1BCE1377-68D5-4905-9F6B-73D105F15094}.Release|Any CPU.Build.0 = Release|Any CPU
	EndGlobalSection
	GlobalSection(SolutionProperties) = preSolution
		HideSolutionNode = FALSE
	EndGlobalSection
	GlobalSection(NestedProjects) = preSolution
		{85CCC23F-D820-4075-8121-DB712ACF3BB1} = {9573CCD0-C09A-497A-9482-BD8F19611218}
		{F2BFF1BD-F647-4000-890C-1E0EAD7EA0DE} = {85CCC23F-D820-4075-8121-DB712ACF3BB1}
		{23AF2C86-F785-40A8-BB7B-9B5A21E97009} = {F2BFF1BD-F647-4000-890C-1E0EAD7EA0DE}
		{5DD3A886-B2BE-4FF4-98AC-08C85ECDAC0C} = {23AF2C86-F785-40A8-BB7B-9B5A21E97009}
		{39D11820-403D-4AD4-AA16-DBF83600D631} = {5DD3A886-B2BE-4FF4-98AC-08C85ECDAC0C}
		{D88A8335-CEA4-4458-9011-CE7CD9EA4850} = {39D11820-403D-4AD4-AA16-DBF83600D631}
		{4CEC37C1-1F23-4287-BC85-57C0456D3293} = {D88A8335-CEA4-4458-9011-CE7CD9EA4850}
		{E0AB5DED-4E19-474D-9025-1DED440FA0D5} = {23AF2C86-F785-40A8-BB7B-9B5A21E97009}
		{5957FB8C-3E1E-4FF3-8E2A-0C38156BFCEE} = {E0AB5DED-4E19-474D-9025-1DED440FA0D5}
		{C4FBDD07-FB35-44D6-9C76-B55565847371} = {5957FB8C-3E1E-4FF3-8E2A-0C38156BFCEE}
		{F5D421F0-EF3A-4E82-9D8E-90B5B89A866F} = {C4FBDD07-FB35-44D6-9C76-B55565847371}
		{F9C5CA12-F0B3-4CD2-B29B-BCB05859B790} = {F5D421F0-EF3A-4E82-9D8E-90B5B89A866F}
		{CD677EB3-794E-42B7-9D2E-787AD2CCD1AB} = {F9C5CA12-F0B3-4CD2-B29B-BCB05859B790}
		{426B5F78-90F6-41F6-96BC-DA9D759FB2F1} = {CD677EB3-794E-42B7-9D2E-787AD2CCD1AB}
		{B765D6E4-D144-493A-B5D9-46FC65383428} = {F2BFF1BD-F647-4000-890C-1E0EAD7EA0DE}
		{F51A3F3A-602E-4B38-A9FB-8D4B9927B69B} = {B765D6E4-D144-493A-B5D9-46FC65383428}
		{347234F9-B0B4-4091-A197-6D979E376B31} = {F51A3F3A-602E-4B38-A9FB-8D4B9927B69B}
		{D1AE8111-0FC3-48E1-8981-DC7EDB07A0D6} = {347234F9-B0B4-4091-A197-6D979E376B31}
		{21271E3B-7D4E-4456-992B-7AE0326498BB} = {D1AE8111-0FC3-48E1-8981-DC7EDB07A0D6}
		{F0BF6F4D-3EFB-4700-B88C-EF2500BD1AE8} = {21271E3B-7D4E-4456-992B-7AE0326498BB}
		{627D8541-A345-4276-A5DB-3EE5601C0E7A} = {F0BF6F4D-3EFB-4700-B88C-EF2500BD1AE8}
		{1BCE1377-68D5-4905-9F6B-73D105F15094} = {627D8541-A345-4276-A5DB-3EE5601C0E7A}
	EndGlobalSection
	GlobalSection(ExtensibilityGlobals) = postSolution
		SolutionGuid = {C2953FD9-8374-4C52-BE7C-8BB58BB5F9CB}
	EndGlobalSection
EndGlobal
